// !$*UTF8*$!
{
	archiveVersion = 1;
	classes = {
	};
	objectVersion = 55;
	objects = {

/* Begin PBXBuildFile section */
		6D8D9DFF272EFA0700F90C3A /* Logger.docc in Sources */ = {isa = PBXBuildFile; fileRef = 6D8D9DFE272EFA0700F90C3A /* Logger.docc */; };
		6D8D9E00272EFA0700F90C3A /* Logger.h in Headers */ = {isa = PBXBuildFile; fileRef = 6D8D9DFD272EFA0700F90C3A /* Logger.h */; settings = {ATTRIBUTES = (Public, ); }; };
		6D8D9E2E272EFAEC00F90C3A /* Logger.h in Headers */ = {isa = PBXBuildFile; fileRef = 6D8D9DFD272EFA0700F90C3A /* Logger.h */; settings = {ATTRIBUTES = (Public, ); }; };
		6D8D9E2F272EFAED00F90C3A /* Logger.h in Headers */ = {isa = PBXBuildFile; fileRef = 6D8D9DFD272EFA0700F90C3A /* Logger.h */; settings = {ATTRIBUTES = (Public, ); }; };
		6D8D9E30272EFAED00F90C3A /* Logger.h in Headers */ = {isa = PBXBuildFile; fileRef = 6D8D9DFD272EFA0700F90C3A /* Logger.h */; settings = {ATTRIBUTES = (Public, ); }; };
		6D8D9E31272EFAF900F90C3A /* Logger.docc in Sources */ = {isa = PBXBuildFile; fileRef = 6D8D9DFE272EFA0700F90C3A /* Logger.docc */; };
		6D8D9E32272EFAF900F90C3A /* Logger.docc in Sources */ = {isa = PBXBuildFile; fileRef = 6D8D9DFE272EFA0700F90C3A /* Logger.docc */; };
		6D8D9E33272EFAF900F90C3A /* Logger.docc in Sources */ = {isa = PBXBuildFile; fileRef = 6D8D9DFE272EFA0700F90C3A /* Logger.docc */; };
		6D8D9E3E272F0B2000F90C3A /* LogFloatFormatting.swift in Sources */ = {isa = PBXBuildFile; fileRef = 6D8D9E36272F0B2000F90C3A /* LogFloatFormatting.swift */; };
		6D8D9E3F272F0B2000F90C3A /* LogFloatFormatting.swift in Sources */ = {isa = PBXBuildFile; fileRef = 6D8D9E36272F0B2000F90C3A /* LogFloatFormatting.swift */; };
		6D8D9E40272F0B2000F90C3A /* LogFloatFormatting.swift in Sources */ = {isa = PBXBuildFile; fileRef = 6D8D9E36272F0B2000F90C3A /* LogFloatFormatting.swift */; };
		6D8D9E41272F0B2000F90C3A /* LogFloatFormatting.swift in Sources */ = {isa = PBXBuildFile; fileRef = 6D8D9E36272F0B2000F90C3A /* LogFloatFormatting.swift */; };
		6D8D9E42272F0B2100F90C3A /* LogBoolFormat.swift in Sources */ = {isa = PBXBuildFile; fileRef = 6D8D9E37272F0B2000F90C3A /* LogBoolFormat.swift */; };
		6D8D9E43272F0B2100F90C3A /* LogBoolFormat.swift in Sources */ = {isa = PBXBuildFile; fileRef = 6D8D9E37272F0B2000F90C3A /* LogBoolFormat.swift */; };
		6D8D9E44272F0B2100F90C3A /* LogBoolFormat.swift in Sources */ = {isa = PBXBuildFile; fileRef = 6D8D9E37272F0B2000F90C3A /* LogBoolFormat.swift */; };
		6D8D9E45272F0B2100F90C3A /* LogBoolFormat.swift in Sources */ = {isa = PBXBuildFile; fileRef = 6D8D9E37272F0B2000F90C3A /* LogBoolFormat.swift */; };
		6D8D9E4A272F0B2100F90C3A /* LogInt32ExtendedFormat.swift in Sources */ = {isa = PBXBuildFile; fileRef = 6D8D9E39272F0B2000F90C3A /* LogInt32ExtendedFormat.swift */; };
		6D8D9E4B272F0B2100F90C3A /* LogInt32ExtendedFormat.swift in Sources */ = {isa = PBXBuildFile; fileRef = 6D8D9E39272F0B2000F90C3A /* LogInt32ExtendedFormat.swift */; };
		6D8D9E4C272F0B2100F90C3A /* LogInt32ExtendedFormat.swift in Sources */ = {isa = PBXBuildFile; fileRef = 6D8D9E39272F0B2000F90C3A /* LogInt32ExtendedFormat.swift */; };
		6D8D9E4D272F0B2100F90C3A /* LogInt32ExtendedFormat.swift in Sources */ = {isa = PBXBuildFile; fileRef = 6D8D9E39272F0B2000F90C3A /* LogInt32ExtendedFormat.swift */; };
		6D8D9E4E272F0B2100F90C3A /* LogStringAlignment.swift in Sources */ = {isa = PBXBuildFile; fileRef = 6D8D9E3A272F0B2000F90C3A /* LogStringAlignment.swift */; };
		6D8D9E4F272F0B2100F90C3A /* LogStringAlignment.swift in Sources */ = {isa = PBXBuildFile; fileRef = 6D8D9E3A272F0B2000F90C3A /* LogStringAlignment.swift */; };
		6D8D9E50272F0B2100F90C3A /* LogStringAlignment.swift in Sources */ = {isa = PBXBuildFile; fileRef = 6D8D9E3A272F0B2000F90C3A /* LogStringAlignment.swift */; };
		6D8D9E51272F0B2100F90C3A /* LogStringAlignment.swift in Sources */ = {isa = PBXBuildFile; fileRef = 6D8D9E3A272F0B2000F90C3A /* LogStringAlignment.swift */; };
		6D8D9E52272F0B2100F90C3A /* LogPrivacy.swift in Sources */ = {isa = PBXBuildFile; fileRef = 6D8D9E3B272F0B2000F90C3A /* LogPrivacy.swift */; };
		6D8D9E53272F0B2100F90C3A /* LogPrivacy.swift in Sources */ = {isa = PBXBuildFile; fileRef = 6D8D9E3B272F0B2000F90C3A /* LogPrivacy.swift */; };
		6D8D9E54272F0B2100F90C3A /* LogPrivacy.swift in Sources */ = {isa = PBXBuildFile; fileRef = 6D8D9E3B272F0B2000F90C3A /* LogPrivacy.swift */; };
		6D8D9E55272F0B2100F90C3A /* LogPrivacy.swift in Sources */ = {isa = PBXBuildFile; fileRef = 6D8D9E3B272F0B2000F90C3A /* LogPrivacy.swift */; };
		6D8D9E56272F0B2100F90C3A /* LogPointerFormat.swift in Sources */ = {isa = PBXBuildFile; fileRef = 6D8D9E3C272F0B2000F90C3A /* LogPointerFormat.swift */; };
		6D8D9E57272F0B2100F90C3A /* LogPointerFormat.swift in Sources */ = {isa = PBXBuildFile; fileRef = 6D8D9E3C272F0B2000F90C3A /* LogPointerFormat.swift */; };
		6D8D9E58272F0B2100F90C3A /* LogPointerFormat.swift in Sources */ = {isa = PBXBuildFile; fileRef = 6D8D9E3C272F0B2000F90C3A /* LogPointerFormat.swift */; };
		6D8D9E59272F0B2100F90C3A /* LogPointerFormat.swift in Sources */ = {isa = PBXBuildFile; fileRef = 6D8D9E3C272F0B2000F90C3A /* LogPointerFormat.swift */; };
		6D8D9E5A272F0B2100F90C3A /* LogIntegerFormatting.swift in Sources */ = {isa = PBXBuildFile; fileRef = 6D8D9E3D272F0B2000F90C3A /* LogIntegerFormatting.swift */; };
		6D8D9E5B272F0B2100F90C3A /* LogIntegerFormatting.swift in Sources */ = {isa = PBXBuildFile; fileRef = 6D8D9E3D272F0B2000F90C3A /* LogIntegerFormatting.swift */; };
		6D8D9E5C272F0B2100F90C3A /* LogIntegerFormatting.swift in Sources */ = {isa = PBXBuildFile; fileRef = 6D8D9E3D272F0B2000F90C3A /* LogIntegerFormatting.swift */; };
		6D8D9E5D272F0B2100F90C3A /* LogIntegerFormatting.swift in Sources */ = {isa = PBXBuildFile; fileRef = 6D8D9E3D272F0B2000F90C3A /* LogIntegerFormatting.swift */; };
		6D8D9E61272F187400F90C3A /* LogMessage.swift in Sources */ = {isa = PBXBuildFile; fileRef = 6D8D9E5F272F187400F90C3A /* LogMessage.swift */; };
		6D8D9E62272F187400F90C3A /* LogMessage.swift in Sources */ = {isa = PBXBuildFile; fileRef = 6D8D9E5F272F187400F90C3A /* LogMessage.swift */; };
		6D8D9E63272F187400F90C3A /* LogMessage.swift in Sources */ = {isa = PBXBuildFile; fileRef = 6D8D9E5F272F187400F90C3A /* LogMessage.swift */; };
		6D8D9E64272F187400F90C3A /* LogMessage.swift in Sources */ = {isa = PBXBuildFile; fileRef = 6D8D9E5F272F187400F90C3A /* LogMessage.swift */; };
		6D8D9E65272F187400F90C3A /* LogMessageInterpolation.swift in Sources */ = {isa = PBXBuildFile; fileRef = 6D8D9E60272F187400F90C3A /* LogMessageInterpolation.swift */; };
		6D8D9E66272F187400F90C3A /* LogMessageInterpolation.swift in Sources */ = {isa = PBXBuildFile; fileRef = 6D8D9E60272F187400F90C3A /* LogMessageInterpolation.swift */; };
		6D8D9E67272F187400F90C3A /* LogMessageInterpolation.swift in Sources */ = {isa = PBXBuildFile; fileRef = 6D8D9E60272F187400F90C3A /* LogMessageInterpolation.swift */; };
		6D8D9E68272F187400F90C3A /* LogMessageInterpolation.swift in Sources */ = {isa = PBXBuildFile; fileRef = 6D8D9E60272F187400F90C3A /* LogMessageInterpolation.swift */; };
		6D8D9E6A272F239400F90C3A /* InterpolatingObjectContainer.swift in Sources */ = {isa = PBXBuildFile; fileRef = 6D8D9E69272F239400F90C3A /* InterpolatingObjectContainer.swift */; };
		6D8D9E6B272F239400F90C3A /* InterpolatingObjectContainer.swift in Sources */ = {isa = PBXBuildFile; fileRef = 6D8D9E69272F239400F90C3A /* InterpolatingObjectContainer.swift */; };
		6D8D9E6C272F239400F90C3A /* InterpolatingObjectContainer.swift in Sources */ = {isa = PBXBuildFile; fileRef = 6D8D9E69272F239400F90C3A /* InterpolatingObjectContainer.swift */; };
		6D8D9E6D272F239400F90C3A /* InterpolatingObjectContainer.swift in Sources */ = {isa = PBXBuildFile; fileRef = 6D8D9E69272F239400F90C3A /* InterpolatingObjectContainer.swift */; };
		6D8D9E6F272F24BC00F90C3A /* InterpolatingObject.swift in Sources */ = {isa = PBXBuildFile; fileRef = 6D8D9E6E272F24BC00F90C3A /* InterpolatingObject.swift */; };
		6D8D9E70272F24BC00F90C3A /* InterpolatingObject.swift in Sources */ = {isa = PBXBuildFile; fileRef = 6D8D9E6E272F24BC00F90C3A /* InterpolatingObject.swift */; };
		6D8D9E71272F24BC00F90C3A /* InterpolatingObject.swift in Sources */ = {isa = PBXBuildFile; fileRef = 6D8D9E6E272F24BC00F90C3A /* InterpolatingObject.swift */; };
		6D8D9E72272F24BC00F90C3A /* InterpolatingObject.swift in Sources */ = {isa = PBXBuildFile; fileRef = 6D8D9E6E272F24BC00F90C3A /* InterpolatingObject.swift */; };
		6D8D9E7A272F2BD100F90C3A /* AppendClosure.swift in Sources */ = {isa = PBXBuildFile; fileRef = 6D8D9E79272F2BD100F90C3A /* AppendClosure.swift */; };
		6D8D9E7B272F2BD100F90C3A /* AppendClosure.swift in Sources */ = {isa = PBXBuildFile; fileRef = 6D8D9E79272F2BD100F90C3A /* AppendClosure.swift */; };
		6D8D9E7C272F2BD100F90C3A /* AppendClosure.swift in Sources */ = {isa = PBXBuildFile; fileRef = 6D8D9E79272F2BD100F90C3A /* AppendClosure.swift */; };
		6D8D9E7D272F2BD100F90C3A /* AppendClosure.swift in Sources */ = {isa = PBXBuildFile; fileRef = 6D8D9E79272F2BD100F90C3A /* AppendClosure.swift */; };
		6D8D9E7F272F3B7400F90C3A /* RawPointerContainer.swift in Sources */ = {isa = PBXBuildFile; fileRef = 6D8D9E7E272F3B7400F90C3A /* RawPointerContainer.swift */; };
		6D8D9E80272F3B7400F90C3A /* RawPointerContainer.swift in Sources */ = {isa = PBXBuildFile; fileRef = 6D8D9E7E272F3B7400F90C3A /* RawPointerContainer.swift */; };
		6D8D9E81272F3B7400F90C3A /* RawPointerContainer.swift in Sources */ = {isa = PBXBuildFile; fileRef = 6D8D9E7E272F3B7400F90C3A /* RawPointerContainer.swift */; };
		6D8D9E82272F3B7400F90C3A /* RawPointerContainer.swift in Sources */ = {isa = PBXBuildFile; fileRef = 6D8D9E7E272F3B7400F90C3A /* RawPointerContainer.swift */; };
		6D8D9E85272F616600F90C3A /* LogLevel.swift in Sources */ = {isa = PBXBuildFile; fileRef = 6D8D9E83272F616600F90C3A /* LogLevel.swift */; };
		6D8D9E86272F616600F90C3A /* LogLevel.swift in Sources */ = {isa = PBXBuildFile; fileRef = 6D8D9E83272F616600F90C3A /* LogLevel.swift */; };
		6D8D9E87272F616600F90C3A /* LogLevel.swift in Sources */ = {isa = PBXBuildFile; fileRef = 6D8D9E83272F616600F90C3A /* LogLevel.swift */; };
		6D8D9E88272F616600F90C3A /* LogLevel.swift in Sources */ = {isa = PBXBuildFile; fileRef = 6D8D9E83272F616600F90C3A /* LogLevel.swift */; };
		6D8D9E89272F616600F90C3A /* Logger.swift in Sources */ = {isa = PBXBuildFile; fileRef = 6D8D9E84272F616600F90C3A /* Logger.swift */; };
		6D8D9E8A272F616600F90C3A /* Logger.swift in Sources */ = {isa = PBXBuildFile; fileRef = 6D8D9E84272F616600F90C3A /* Logger.swift */; };
		6D8D9E8B272F616600F90C3A /* Logger.swift in Sources */ = {isa = PBXBuildFile; fileRef = 6D8D9E84272F616600F90C3A /* Logger.swift */; };
		6D8D9E8C272F616600F90C3A /* Logger.swift in Sources */ = {isa = PBXBuildFile; fileRef = 6D8D9E84272F616600F90C3A /* Logger.swift */; };
/* End PBXBuildFile section */

/* Begin PBXFileReference section */
		6D8D9DFA272EFA0700F90C3A /* Logger.framework */ = {isa = PBXFileReference; explicitFileType = wrapper.framework; includeInIndex = 0; path = Logger.framework; sourceTree = BUILT_PRODUCTS_DIR; };
		6D8D9DFD272EFA0700F90C3A /* Logger.h */ = {isa = PBXFileReference; lastKnownFileType = sourcecode.c.h; path = Logger.h; sourceTree = "<group>"; };
		6D8D9DFE272EFA0700F90C3A /* Logger.docc */ = {isa = PBXFileReference; lastKnownFileType = folder.documentationcatalog; path = Logger.docc; sourceTree = "<group>"; };
		6D8D9E09272EFA3700F90C3A /* Logger.framework */ = {isa = PBXFileReference; explicitFileType = wrapper.framework; includeInIndex = 0; path = Logger.framework; sourceTree = BUILT_PRODUCTS_DIR; };
		6D8D9E17272EFA9400F90C3A /* Logger.framework */ = {isa = PBXFileReference; explicitFileType = wrapper.framework; includeInIndex = 0; path = Logger.framework; sourceTree = BUILT_PRODUCTS_DIR; };
		6D8D9E25272EFAAA00F90C3A /* Logger.framework */ = {isa = PBXFileReference; explicitFileType = wrapper.framework; includeInIndex = 0; path = Logger.framework; sourceTree = BUILT_PRODUCTS_DIR; };
		6D8D9E36272F0B2000F90C3A /* LogFloatFormatting.swift */ = {isa = PBXFileReference; fileEncoding = 4; lastKnownFileType = sourcecode.swift; path = LogFloatFormatting.swift; sourceTree = "<group>"; };
		6D8D9E37272F0B2000F90C3A /* LogBoolFormat.swift */ = {isa = PBXFileReference; fileEncoding = 4; lastKnownFileType = sourcecode.swift; path = LogBoolFormat.swift; sourceTree = "<group>"; };
		6D8D9E39272F0B2000F90C3A /* LogInt32ExtendedFormat.swift */ = {isa = PBXFileReference; fileEncoding = 4; lastKnownFileType = sourcecode.swift; path = LogInt32ExtendedFormat.swift; sourceTree = "<group>"; };
		6D8D9E3A272F0B2000F90C3A /* LogStringAlignment.swift */ = {isa = PBXFileReference; fileEncoding = 4; lastKnownFileType = sourcecode.swift; path = LogStringAlignment.swift; sourceTree = "<group>"; };
		6D8D9E3B272F0B2000F90C3A /* LogPrivacy.swift */ = {isa = PBXFileReference; fileEncoding = 4; lastKnownFileType = sourcecode.swift; path = LogPrivacy.swift; sourceTree = "<group>"; };
		6D8D9E3C272F0B2000F90C3A /* LogPointerFormat.swift */ = {isa = PBXFileReference; fileEncoding = 4; lastKnownFileType = sourcecode.swift; path = LogPointerFormat.swift; sourceTree = "<group>"; };
		6D8D9E3D272F0B2000F90C3A /* LogIntegerFormatting.swift */ = {isa = PBXFileReference; fileEncoding = 4; lastKnownFileType = sourcecode.swift; path = LogIntegerFormatting.swift; sourceTree = "<group>"; };
		6D8D9E5F272F187400F90C3A /* LogMessage.swift */ = {isa = PBXFileReference; fileEncoding = 4; lastKnownFileType = sourcecode.swift; path = LogMessage.swift; sourceTree = "<group>"; };
		6D8D9E60272F187400F90C3A /* LogMessageInterpolation.swift */ = {isa = PBXFileReference; fileEncoding = 4; lastKnownFileType = sourcecode.swift; path = LogMessageInterpolation.swift; sourceTree = "<group>"; };
		6D8D9E69272F239400F90C3A /* InterpolatingObjectContainer.swift */ = {isa = PBXFileReference; lastKnownFileType = sourcecode.swift; path = InterpolatingObjectContainer.swift; sourceTree = "<group>"; };
		6D8D9E6E272F24BC00F90C3A /* InterpolatingObject.swift */ = {isa = PBXFileReference; lastKnownFileType = sourcecode.swift; path = InterpolatingObject.swift; sourceTree = "<group>"; };
		6D8D9E79272F2BD100F90C3A /* AppendClosure.swift */ = {isa = PBXFileReference; lastKnownFileType = sourcecode.swift; path = AppendClosure.swift; sourceTree = "<group>"; };
		6D8D9E7E272F3B7400F90C3A /* RawPointerContainer.swift */ = {isa = PBXFileReference; lastKnownFileType = sourcecode.swift; path = RawPointerContainer.swift; sourceTree = "<group>"; };
		6D8D9E83272F616600F90C3A /* LogLevel.swift */ = {isa = PBXFileReference; fileEncoding = 4; lastKnownFileType = sourcecode.swift; path = LogLevel.swift; sourceTree = "<group>"; };
		6D8D9E84272F616600F90C3A /* Logger.swift */ = {isa = PBXFileReference; fileEncoding = 4; lastKnownFileType = sourcecode.swift; path = Logger.swift; sourceTree = "<group>"; };
/* End PBXFileReference section */

/* Begin PBXFrameworksBuildPhase section */
		6D8D9DF7272EFA0700F90C3A /* Frameworks */ = {
			isa = PBXFrameworksBuildPhase;
			buildActionMask = 2147483647;
			files = (
			);
			runOnlyForDeploymentPostprocessing = 0;
		};
		6D8D9E06272EFA3700F90C3A /* Frameworks */ = {
			isa = PBXFrameworksBuildPhase;
			buildActionMask = 2147483647;
			files = (
			);
			runOnlyForDeploymentPostprocessing = 0;
		};
		6D8D9E14272EFA9400F90C3A /* Frameworks */ = {
			isa = PBXFrameworksBuildPhase;
			buildActionMask = 2147483647;
			files = (
			);
			runOnlyForDeploymentPostprocessing = 0;
		};
		6D8D9E22272EFAAA00F90C3A /* Frameworks */ = {
			isa = PBXFrameworksBuildPhase;
			buildActionMask = 2147483647;
			files = (
			);
			runOnlyForDeploymentPostprocessing = 0;
		};
/* End PBXFrameworksBuildPhase section */

/* Begin PBXGroup section */
		6D8622A3272EF243008F25F3 = {
			isa = PBXGroup;
			children = (
				6D8D9DFC272EFA0700F90C3A /* Logger */,
				6D8D9DFB272EFA0700F90C3A /* Products */,
			);
			sourceTree = "<group>";
		};
		6D8D9DFB272EFA0700F90C3A /* Products */ = {
			isa = PBXGroup;
			children = (
				6D8D9DFA272EFA0700F90C3A /* Logger.framework */,
				6D8D9E09272EFA3700F90C3A /* Logger.framework */,
				6D8D9E17272EFA9400F90C3A /* Logger.framework */,
				6D8D9E25272EFAAA00F90C3A /* Logger.framework */,
			);
			name = Products;
			sourceTree = "<group>";
		};
		6D8D9DFC272EFA0700F90C3A /* Logger */ = {
			isa = PBXGroup;
			children = (
				6D8D9E84272F616600F90C3A /* Logger.swift */,
				6D8D9E83272F616600F90C3A /* LogLevel.swift */,
				6D8D9E5E272F187400F90C3A /* Message */,
				6D8D9E34272F0B2000F90C3A /* Formatter */,
				6D8D9E73272F2AD400F90C3A /* Support */,
				6D8D9DFD272EFA0700F90C3A /* Logger.h */,
				6D8D9DFE272EFA0700F90C3A /* Logger.docc */,
			);
			path = Logger;
			sourceTree = "<group>";
		};
		6D8D9E34272F0B2000F90C3A /* Formatter */ = {
			isa = PBXGroup;
			children = (
				6D8D9E35272F0B2000F90C3A /* Types */,
			);
			path = Formatter;
			sourceTree = "<group>";
		};
		6D8D9E35272F0B2000F90C3A /* Types */ = {
			isa = PBXGroup;
			children = (
				6D8D9E36272F0B2000F90C3A /* LogFloatFormatting.swift */,
				6D8D9E37272F0B2000F90C3A /* LogBoolFormat.swift */,
				6D8D9E39272F0B2000F90C3A /* LogInt32ExtendedFormat.swift */,
				6D8D9E3A272F0B2000F90C3A /* LogStringAlignment.swift */,
				6D8D9E3B272F0B2000F90C3A /* LogPrivacy.swift */,
				6D8D9E3C272F0B2000F90C3A /* LogPointerFormat.swift */,
				6D8D9E3D272F0B2000F90C3A /* LogIntegerFormatting.swift */,
			);
			path = Types;
			sourceTree = "<group>";
		};
		6D8D9E5E272F187400F90C3A /* Message */ = {
			isa = PBXGroup;
			children = (
				6D8D9E5F272F187400F90C3A /* LogMessage.swift */,
				6D8D9E60272F187400F90C3A /* LogMessageInterpolation.swift */,
				6D8D9E6E272F24BC00F90C3A /* InterpolatingObject.swift */,
				6D8D9E69272F239400F90C3A /* InterpolatingObjectContainer.swift */,
			);
			path = Message;
			sourceTree = "<group>";
		};
		6D8D9E73272F2AD400F90C3A /* Support */ = {
			isa = PBXGroup;
			children = (
				6D8D9E79272F2BD100F90C3A /* AppendClosure.swift */,
				6D8D9E7E272F3B7400F90C3A /* RawPointerContainer.swift */,
			);
			path = Support;
			sourceTree = "<group>";
		};
/* End PBXGroup section */

/* Begin PBXHeadersBuildPhase section */
		6D8D9DF5272EFA0700F90C3A /* Headers */ = {
			isa = PBXHeadersBuildPhase;
			buildActionMask = 2147483647;
			files = (
				6D8D9E00272EFA0700F90C3A /* Logger.h in Headers */,
			);
			runOnlyForDeploymentPostprocessing = 0;
		};
		6D8D9E04272EFA3700F90C3A /* Headers */ = {
			isa = PBXHeadersBuildPhase;
			buildActionMask = 2147483647;
			files = (
				6D8D9E2E272EFAEC00F90C3A /* Logger.h in Headers */,
			);
			runOnlyForDeploymentPostprocessing = 0;
		};
		6D8D9E12272EFA9400F90C3A /* Headers */ = {
			isa = PBXHeadersBuildPhase;
			buildActionMask = 2147483647;
			files = (
				6D8D9E2F272EFAED00F90C3A /* Logger.h in Headers */,
			);
			runOnlyForDeploymentPostprocessing = 0;
		};
		6D8D9E20272EFAAA00F90C3A /* Headers */ = {
			isa = PBXHeadersBuildPhase;
			buildActionMask = 2147483647;
			files = (
				6D8D9E30272EFAED00F90C3A /* Logger.h in Headers */,
			);
			runOnlyForDeploymentPostprocessing = 0;
		};
/* End PBXHeadersBuildPhase section */

/* Begin PBXNativeTarget section */
		6D8D9DF9272EFA0700F90C3A /* Logger Mac OS */ = {
			isa = PBXNativeTarget;
			buildConfigurationList = 6D8D9E03272EFA0700F90C3A /* Build configuration list for PBXNativeTarget "Logger Mac OS" */;
			buildPhases = (
				6D8D9DF5272EFA0700F90C3A /* Headers */,
				6D8D9DF6272EFA0700F90C3A /* Sources */,
				6D8D9DF7272EFA0700F90C3A /* Frameworks */,
				6D8D9DF8272EFA0700F90C3A /* Resources */,
			);
			buildRules = (
			);
			dependencies = (
			);
			name = "Logger Mac OS";
			productName = "Logger Mac OS";
			productReference = 6D8D9DFA272EFA0700F90C3A /* Logger.framework */;
			productType = "com.apple.product-type.framework";
		};
		6D8D9E08272EFA3700F90C3A /* Logger iOS */ = {
			isa = PBXNativeTarget;
			buildConfigurationList = 6D8D9E0F272EFA3700F90C3A /* Build configuration list for PBXNativeTarget "Logger iOS" */;
			buildPhases = (
				6D8D9E04272EFA3700F90C3A /* Headers */,
				6D8D9E05272EFA3700F90C3A /* Sources */,
				6D8D9E06272EFA3700F90C3A /* Frameworks */,
				6D8D9E07272EFA3700F90C3A /* Resources */,
			);
			buildRules = (
			);
			dependencies = (
			);
			name = "Logger iOS";
			productName = "Logger iOS";
			productReference = 6D8D9E09272EFA3700F90C3A /* Logger.framework */;
			productType = "com.apple.product-type.framework";
		};
		6D8D9E16272EFA9400F90C3A /* Logger TV OS */ = {
			isa = PBXNativeTarget;
			buildConfigurationList = 6D8D9E1D272EFA9400F90C3A /* Build configuration list for PBXNativeTarget "Logger TV OS" */;
			buildPhases = (
				6D8D9E12272EFA9400F90C3A /* Headers */,
				6D8D9E13272EFA9400F90C3A /* Sources */,
				6D8D9E14272EFA9400F90C3A /* Frameworks */,
				6D8D9E15272EFA9400F90C3A /* Resources */,
			);
			buildRules = (
			);
			dependencies = (
			);
			name = "Logger TV OS";
			productName = "Logger TV OS";
			productReference = 6D8D9E17272EFA9400F90C3A /* Logger.framework */;
			productType = "com.apple.product-type.framework";
		};
		6D8D9E24272EFAAA00F90C3A /* Logger Watch OS */ = {
			isa = PBXNativeTarget;
			buildConfigurationList = 6D8D9E2B272EFAAA00F90C3A /* Build configuration list for PBXNativeTarget "Logger Watch OS" */;
			buildPhases = (
				6D8D9E20272EFAAA00F90C3A /* Headers */,
				6D8D9E21272EFAAA00F90C3A /* Sources */,
				6D8D9E22272EFAAA00F90C3A /* Frameworks */,
				6D8D9E23272EFAAA00F90C3A /* Resources */,
			);
			buildRules = (
			);
			dependencies = (
			);
			name = "Logger Watch OS";
			productName = "Logger Watch OS";
			productReference = 6D8D9E25272EFAAA00F90C3A /* Logger.framework */;
			productType = "com.apple.product-type.framework";
		};
/* End PBXNativeTarget section */

/* Begin PBXProject section */
		6D8622A4272EF243008F25F3 /* Project object */ = {
			isa = PBXProject;
			attributes = {
				BuildIndependentTargetsInParallel = 1;
				LastUpgradeCheck = 1310;
				TargetAttributes = {
					6D8D9DF9272EFA0700F90C3A = {
						CreatedOnToolsVersion = 13.1;
					};
					6D8D9E08272EFA3700F90C3A = {
						CreatedOnToolsVersion = 13.1;
					};
					6D8D9E16272EFA9400F90C3A = {
						CreatedOnToolsVersion = 13.1;
					};
					6D8D9E24272EFAAA00F90C3A = {
						CreatedOnToolsVersion = 13.1;
					};
				};
			};
			buildConfigurationList = 6D8622A7272EF243008F25F3 /* Build configuration list for PBXProject "Logger" */;
			compatibilityVersion = "Xcode 13.0";
			developmentRegion = en;
			hasScannedForEncodings = 0;
			knownRegions = (
				en,
				Base,
			);
			mainGroup = 6D8622A3272EF243008F25F3;
			productRefGroup = 6D8D9DFB272EFA0700F90C3A /* Products */;
			projectDirPath = "";
			projectRoot = "";
			targets = (
				6D8D9DF9272EFA0700F90C3A /* Logger Mac OS */,
				6D8D9E08272EFA3700F90C3A /* Logger iOS */,
				6D8D9E16272EFA9400F90C3A /* Logger TV OS */,
				6D8D9E24272EFAAA00F90C3A /* Logger Watch OS */,
			);
		};
/* End PBXProject section */

/* Begin PBXResourcesBuildPhase section */
		6D8D9DF8272EFA0700F90C3A /* Resources */ = {
			isa = PBXResourcesBuildPhase;
			buildActionMask = 2147483647;
			files = (
			);
			runOnlyForDeploymentPostprocessing = 0;
		};
		6D8D9E07272EFA3700F90C3A /* Resources */ = {
			isa = PBXResourcesBuildPhase;
			buildActionMask = 2147483647;
			files = (
			);
			runOnlyForDeploymentPostprocessing = 0;
		};
		6D8D9E15272EFA9400F90C3A /* Resources */ = {
			isa = PBXResourcesBuildPhase;
			buildActionMask = 2147483647;
			files = (
			);
			runOnlyForDeploymentPostprocessing = 0;
		};
		6D8D9E23272EFAAA00F90C3A /* Resources */ = {
			isa = PBXResourcesBuildPhase;
			buildActionMask = 2147483647;
			files = (
			);
			runOnlyForDeploymentPostprocessing = 0;
		};
/* End PBXResourcesBuildPhase section */

/* Begin PBXSourcesBuildPhase section */
		6D8D9DF6272EFA0700F90C3A /* Sources */ = {
			isa = PBXSourcesBuildPhase;
			buildActionMask = 2147483647;
			files = (
				6D8D9E52272F0B2100F90C3A /* LogPrivacy.swift in Sources */,
				6D8D9E4A272F0B2100F90C3A /* LogInt32ExtendedFormat.swift in Sources */,
				6D8D9E5A272F0B2100F90C3A /* LogIntegerFormatting.swift in Sources */,
				6D8D9E6A272F239400F90C3A /* InterpolatingObjectContainer.swift in Sources */,
				6D8D9E42272F0B2100F90C3A /* LogBoolFormat.swift in Sources */,
				6D8D9E7F272F3B7400F90C3A /* RawPointerContainer.swift in Sources */,
				6D8D9E3E272F0B2000F90C3A /* LogFloatFormatting.swift in Sources */,
				6D8D9E89272F616600F90C3A /* Logger.swift in Sources */,
				6D8D9E65272F187400F90C3A /* LogMessageInterpolation.swift in Sources */,
				6D8D9E56272F0B2100F90C3A /* LogPointerFormat.swift in Sources */,
				6D8D9DFF272EFA0700F90C3A /* Logger.docc in Sources */,
				6D8D9E61272F187400F90C3A /* LogMessage.swift in Sources */,
				6D8D9E4E272F0B2100F90C3A /* LogStringAlignment.swift in Sources */,
				6D8D9E6F272F24BC00F90C3A /* InterpolatingObject.swift in Sources */,
				6D8D9E85272F616600F90C3A /* LogLevel.swift in Sources */,
				6D8D9E7A272F2BD100F90C3A /* AppendClosure.swift in Sources */,
			);
			runOnlyForDeploymentPostprocessing = 0;
		};
		6D8D9E05272EFA3700F90C3A /* Sources */ = {
			isa = PBXSourcesBuildPhase;
			buildActionMask = 2147483647;
			files = (
				6D8D9E53272F0B2100F90C3A /* LogPrivacy.swift in Sources */,
				6D8D9E4B272F0B2100F90C3A /* LogInt32ExtendedFormat.swift in Sources */,
				6D8D9E5B272F0B2100F90C3A /* LogIntegerFormatting.swift in Sources */,
				6D8D9E6B272F239400F90C3A /* InterpolatingObjectContainer.swift in Sources */,
				6D8D9E43272F0B2100F90C3A /* LogBoolFormat.swift in Sources */,
				6D8D9E80272F3B7400F90C3A /* RawPointerContainer.swift in Sources */,
				6D8D9E3F272F0B2000F90C3A /* LogFloatFormatting.swift in Sources */,
				6D8D9E8A272F616600F90C3A /* Logger.swift in Sources */,
				6D8D9E66272F187400F90C3A /* LogMessageInterpolation.swift in Sources */,
				6D8D9E57272F0B2100F90C3A /* LogPointerFormat.swift in Sources */,
				6D8D9E31272EFAF900F90C3A /* Logger.docc in Sources */,
				6D8D9E62272F187400F90C3A /* LogMessage.swift in Sources */,
				6D8D9E4F272F0B2100F90C3A /* LogStringAlignment.swift in Sources */,
				6D8D9E70272F24BC00F90C3A /* InterpolatingObject.swift in Sources */,
				6D8D9E86272F616600F90C3A /* LogLevel.swift in Sources */,
				6D8D9E7B272F2BD100F90C3A /* AppendClosure.swift in Sources */,
			);
			runOnlyForDeploymentPostprocessing = 0;
		};
		6D8D9E13272EFA9400F90C3A /* Sources */ = {
			isa = PBXSourcesBuildPhase;
			buildActionMask = 2147483647;
			files = (
				6D8D9E54272F0B2100F90C3A /* LogPrivacy.swift in Sources */,
				6D8D9E4C272F0B2100F90C3A /* LogInt32ExtendedFormat.swift in Sources */,
				6D8D9E5C272F0B2100F90C3A /* LogIntegerFormatting.swift in Sources */,
				6D8D9E6C272F239400F90C3A /* InterpolatingObjectContainer.swift in Sources */,
				6D8D9E44272F0B2100F90C3A /* LogBoolFormat.swift in Sources */,
				6D8D9E81272F3B7400F90C3A /* RawPointerContainer.swift in Sources */,
				6D8D9E40272F0B2000F90C3A /* LogFloatFormatting.swift in Sources */,
				6D8D9E8B272F616600F90C3A /* Logger.swift in Sources */,
				6D8D9E67272F187400F90C3A /* LogMessageInterpolation.swift in Sources */,
				6D8D9E58272F0B2100F90C3A /* LogPointerFormat.swift in Sources */,
				6D8D9E32272EFAF900F90C3A /* Logger.docc in Sources */,
				6D8D9E63272F187400F90C3A /* LogMessage.swift in Sources */,
				6D8D9E50272F0B2100F90C3A /* LogStringAlignment.swift in Sources */,
				6D8D9E71272F24BC00F90C3A /* InterpolatingObject.swift in Sources */,
				6D8D9E87272F616600F90C3A /* LogLevel.swift in Sources */,
				6D8D9E7C272F2BD100F90C3A /* AppendClosure.swift in Sources */,
			);
			runOnlyForDeploymentPostprocessing = 0;
		};
		6D8D9E21272EFAAA00F90C3A /* Sources */ = {
			isa = PBXSourcesBuildPhase;
			buildActionMask = 2147483647;
			files = (
				6D8D9E55272F0B2100F90C3A /* LogPrivacy.swift in Sources */,
				6D8D9E4D272F0B2100F90C3A /* LogInt32ExtendedFormat.swift in Sources */,
				6D8D9E5D272F0B2100F90C3A /* LogIntegerFormatting.swift in Sources */,
				6D8D9E6D272F239400F90C3A /* InterpolatingObjectContainer.swift in Sources */,
				6D8D9E45272F0B2100F90C3A /* LogBoolFormat.swift in Sources */,
				6D8D9E82272F3B7400F90C3A /* RawPointerContainer.swift in Sources */,
				6D8D9E41272F0B2000F90C3A /* LogFloatFormatting.swift in Sources */,
				6D8D9E8C272F616600F90C3A /* Logger.swift in Sources */,
				6D8D9E68272F187400F90C3A /* LogMessageInterpolation.swift in Sources */,
				6D8D9E59272F0B2100F90C3A /* LogPointerFormat.swift in Sources */,
				6D8D9E33272EFAF900F90C3A /* Logger.docc in Sources */,
				6D8D9E64272F187400F90C3A /* LogMessage.swift in Sources */,
				6D8D9E51272F0B2100F90C3A /* LogStringAlignment.swift in Sources */,
				6D8D9E72272F24BC00F90C3A /* InterpolatingObject.swift in Sources */,
				6D8D9E88272F616600F90C3A /* LogLevel.swift in Sources */,
				6D8D9E7D272F2BD100F90C3A /* AppendClosure.swift in Sources */,
			);
			runOnlyForDeploymentPostprocessing = 0;
		};
/* End PBXSourcesBuildPhase section */

/* Begin XCBuildConfiguration section */
		6D8622A8272EF243008F25F3 /* Debug */ = {
			isa = XCBuildConfiguration;
			buildSettings = {
				DEBUG_INFORMATION_FORMAT = dwarf;
				IPHONEOS_DEPLOYMENT_TARGET = 15.0;
				MACOSX_DEPLOYMENT_TARGET = 12.0;
				PRODUCT_BUNDLE_IDENTIFIER = com.basiliusic.logger;
				PRODUCT_NAME = Logger;
			};
			name = Debug;
		};
		6D8622A9272EF243008F25F3 /* Release */ = {
			isa = XCBuildConfiguration;
			buildSettings = {
				DEBUG_INFORMATION_FORMAT = "dwarf-with-dsym";
				IPHONEOS_DEPLOYMENT_TARGET = 15.0;
				MACOSX_DEPLOYMENT_TARGET = 12.0;
				PRODUCT_BUNDLE_IDENTIFIER = com.basiliusic.logger;
				PRODUCT_NAME = Logger;
			};
			name = Release;
		};
		6D8D9E01272EFA0700F90C3A /* Debug */ = {
			isa = XCBuildConfiguration;
			buildSettings = {
				ALWAYS_SEARCH_USER_PATHS = NO;
				CLANG_ANALYZER_NONNULL = YES;
				CLANG_ANALYZER_NUMBER_OBJECT_CONVERSION = YES_AGGRESSIVE;
				CLANG_CXX_LANGUAGE_STANDARD = "gnu++17";
				CLANG_CXX_LIBRARY = "libc++";
				CLANG_ENABLE_MODULES = YES;
				CLANG_ENABLE_OBJC_ARC = YES;
				CLANG_ENABLE_OBJC_WEAK = YES;
				CLANG_WARN_BLOCK_CAPTURE_AUTORELEASING = YES;
				CLANG_WARN_BOOL_CONVERSION = YES;
				CLANG_WARN_COMMA = YES;
				CLANG_WARN_CONSTANT_CONVERSION = YES;
				CLANG_WARN_DEPRECATED_OBJC_IMPLEMENTATIONS = YES;
				CLANG_WARN_DIRECT_OBJC_ISA_USAGE = YES_ERROR;
				CLANG_WARN_DOCUMENTATION_COMMENTS = YES;
				CLANG_WARN_EMPTY_BODY = YES;
				CLANG_WARN_ENUM_CONVERSION = YES;
				CLANG_WARN_INFINITE_RECURSION = YES;
				CLANG_WARN_INT_CONVERSION = YES;
				CLANG_WARN_NON_LITERAL_NULL_CONVERSION = YES;
				CLANG_WARN_OBJC_IMPLICIT_RETAIN_SELF = YES;
				CLANG_WARN_OBJC_LITERAL_CONVERSION = YES;
				CLANG_WARN_OBJC_ROOT_CLASS = YES_ERROR;
				CLANG_WARN_QUOTED_INCLUDE_IN_FRAMEWORK_HEADER = YES;
				CLANG_WARN_RANGE_LOOP_ANALYSIS = YES;
				CLANG_WARN_STRICT_PROTOTYPES = YES;
				CLANG_WARN_SUSPICIOUS_MOVE = YES;
				CLANG_WARN_UNGUARDED_AVAILABILITY = YES_AGGRESSIVE;
				CLANG_WARN_UNREACHABLE_CODE = YES;
				CLANG_WARN__DUPLICATE_METHOD_MATCH = YES;
				CODE_SIGN_STYLE = Automatic;
				COMBINE_HIDPI_IMAGES = YES;
				COPY_PHASE_STRIP = NO;
				CURRENT_PROJECT_VERSION = 1;
				DEBUG_INFORMATION_FORMAT = "$(inherited)";
				DEFINES_MODULE = YES;
				DEVELOPMENT_TEAM = QG4LUGXB2Z;
				DYLIB_COMPATIBILITY_VERSION = 1;
				DYLIB_CURRENT_VERSION = 1;
				DYLIB_INSTALL_NAME_BASE = "@rpath";
				ENABLE_STRICT_OBJC_MSGSEND = YES;
				ENABLE_TESTABILITY = YES;
				GCC_C_LANGUAGE_STANDARD = gnu11;
				GCC_DYNAMIC_NO_PIC = NO;
				GCC_NO_COMMON_BLOCKS = YES;
				GCC_OPTIMIZATION_LEVEL = 0;
				GCC_PREPROCESSOR_DEFINITIONS = (
					"DEBUG=1",
					"$(inherited)",
				);
				GCC_WARN_64_TO_32_BIT_CONVERSION = YES;
				GCC_WARN_ABOUT_RETURN_TYPE = YES_ERROR;
				GCC_WARN_UNDECLARED_SELECTOR = YES;
				GCC_WARN_UNINITIALIZED_AUTOS = YES_AGGRESSIVE;
				GCC_WARN_UNUSED_FUNCTION = YES;
				GCC_WARN_UNUSED_VARIABLE = YES;
				GENERATE_INFOPLIST_FILE = YES;
				INFOPLIST_KEY_NSHumanReadableCopyright = "";
				INSTALL_PATH = "$(LOCAL_LIBRARY_DIR)/Frameworks";
				LD_RUNPATH_SEARCH_PATHS = (
					"$(inherited)",
					"@executable_path/../Frameworks",
					"@loader_path/Frameworks",
				);
				MACOSX_DEPLOYMENT_TARGET = 11.5;
				MARKETING_VERSION = 1.0;
				MTL_ENABLE_DEBUG_INFO = INCLUDE_SOURCE;
				MTL_FAST_MATH = YES;
				ONLY_ACTIVE_ARCH = YES;
				PRODUCT_BUNDLE_IDENTIFIER = "$(inherited)";
				PRODUCT_NAME = "$(inherited)";
				SDKROOT = macosx;
				SKIP_INSTALL = YES;
				SWIFT_ACTIVE_COMPILATION_CONDITIONS = DEBUG;
				SWIFT_EMIT_LOC_STRINGS = YES;
				SWIFT_OPTIMIZATION_LEVEL = "-Onone";
				SWIFT_VERSION = 5.0;
				VERSIONING_SYSTEM = "apple-generic";
				VERSION_INFO_PREFIX = "";
			};
			name = Debug;
		};
		6D8D9E02272EFA0700F90C3A /* Release */ = {
			isa = XCBuildConfiguration;
			buildSettings = {
				ALWAYS_SEARCH_USER_PATHS = NO;
				CLANG_ANALYZER_NONNULL = YES;
				CLANG_ANALYZER_NUMBER_OBJECT_CONVERSION = YES_AGGRESSIVE;
				CLANG_CXX_LANGUAGE_STANDARD = "gnu++17";
				CLANG_CXX_LIBRARY = "libc++";
				CLANG_ENABLE_MODULES = YES;
				CLANG_ENABLE_OBJC_ARC = YES;
				CLANG_ENABLE_OBJC_WEAK = YES;
				CLANG_WARN_BLOCK_CAPTURE_AUTORELEASING = YES;
				CLANG_WARN_BOOL_CONVERSION = YES;
				CLANG_WARN_COMMA = YES;
				CLANG_WARN_CONSTANT_CONVERSION = YES;
				CLANG_WARN_DEPRECATED_OBJC_IMPLEMENTATIONS = YES;
				CLANG_WARN_DIRECT_OBJC_ISA_USAGE = YES_ERROR;
				CLANG_WARN_DOCUMENTATION_COMMENTS = YES;
				CLANG_WARN_EMPTY_BODY = YES;
				CLANG_WARN_ENUM_CONVERSION = YES;
				CLANG_WARN_INFINITE_RECURSION = YES;
				CLANG_WARN_INT_CONVERSION = YES;
				CLANG_WARN_NON_LITERAL_NULL_CONVERSION = YES;
				CLANG_WARN_OBJC_IMPLICIT_RETAIN_SELF = YES;
				CLANG_WARN_OBJC_LITERAL_CONVERSION = YES;
				CLANG_WARN_OBJC_ROOT_CLASS = YES_ERROR;
				CLANG_WARN_QUOTED_INCLUDE_IN_FRAMEWORK_HEADER = YES;
				CLANG_WARN_RANGE_LOOP_ANALYSIS = YES;
				CLANG_WARN_STRICT_PROTOTYPES = YES;
				CLANG_WARN_SUSPICIOUS_MOVE = YES;
				CLANG_WARN_UNGUARDED_AVAILABILITY = YES_AGGRESSIVE;
				CLANG_WARN_UNREACHABLE_CODE = YES;
				CLANG_WARN__DUPLICATE_METHOD_MATCH = YES;
				CODE_SIGN_STYLE = Automatic;
				COMBINE_HIDPI_IMAGES = YES;
				COPY_PHASE_STRIP = NO;
				CURRENT_PROJECT_VERSION = 1;
				DEBUG_INFORMATION_FORMAT = "$(inherited)";
				DEFINES_MODULE = YES;
				DEVELOPMENT_TEAM = QG4LUGXB2Z;
				DYLIB_COMPATIBILITY_VERSION = 1;
				DYLIB_CURRENT_VERSION = 1;
				DYLIB_INSTALL_NAME_BASE = "@rpath";
				ENABLE_NS_ASSERTIONS = NO;
				ENABLE_STRICT_OBJC_MSGSEND = YES;
				GCC_C_LANGUAGE_STANDARD = gnu11;
				GCC_NO_COMMON_BLOCKS = YES;
				GCC_WARN_64_TO_32_BIT_CONVERSION = YES;
				GCC_WARN_ABOUT_RETURN_TYPE = YES_ERROR;
				GCC_WARN_UNDECLARED_SELECTOR = YES;
				GCC_WARN_UNINITIALIZED_AUTOS = YES_AGGRESSIVE;
				GCC_WARN_UNUSED_FUNCTION = YES;
				GCC_WARN_UNUSED_VARIABLE = YES;
				GENERATE_INFOPLIST_FILE = YES;
				INFOPLIST_KEY_NSHumanReadableCopyright = "";
				INSTALL_PATH = "$(LOCAL_LIBRARY_DIR)/Frameworks";
				LD_RUNPATH_SEARCH_PATHS = (
					"$(inherited)",
					"@executable_path/../Frameworks",
					"@loader_path/Frameworks",
				);
				MACOSX_DEPLOYMENT_TARGET = 11.5;
				MARKETING_VERSION = 1.0;
				MTL_ENABLE_DEBUG_INFO = NO;
				MTL_FAST_MATH = YES;
				PRODUCT_BUNDLE_IDENTIFIER = "$(inherited)";
				PRODUCT_NAME = "$(inherited)";
				SDKROOT = macosx;
				SKIP_INSTALL = YES;
				SWIFT_COMPILATION_MODE = wholemodule;
				SWIFT_EMIT_LOC_STRINGS = YES;
				SWIFT_OPTIMIZATION_LEVEL = "-O";
				SWIFT_VERSION = 5.0;
				VERSIONING_SYSTEM = "apple-generic";
				VERSION_INFO_PREFIX = "";
			};
			name = Release;
		};
		6D8D9E10272EFA3700F90C3A /* Debug */ = {
			isa = XCBuildConfiguration;
			buildSettings = {
				ALWAYS_SEARCH_USER_PATHS = NO;
				CLANG_ANALYZER_NONNULL = YES;
				CLANG_ANALYZER_NUMBER_OBJECT_CONVERSION = YES_AGGRESSIVE;
				CLANG_CXX_LANGUAGE_STANDARD = "gnu++17";
				CLANG_CXX_LIBRARY = "libc++";
				CLANG_ENABLE_MODULES = YES;
				CLANG_ENABLE_OBJC_ARC = YES;
				CLANG_ENABLE_OBJC_WEAK = YES;
				CLANG_WARN_BLOCK_CAPTURE_AUTORELEASING = YES;
				CLANG_WARN_BOOL_CONVERSION = YES;
				CLANG_WARN_COMMA = YES;
				CLANG_WARN_CONSTANT_CONVERSION = YES;
				CLANG_WARN_DEPRECATED_OBJC_IMPLEMENTATIONS = YES;
				CLANG_WARN_DIRECT_OBJC_ISA_USAGE = YES_ERROR;
				CLANG_WARN_DOCUMENTATION_COMMENTS = YES;
				CLANG_WARN_EMPTY_BODY = YES;
				CLANG_WARN_ENUM_CONVERSION = YES;
				CLANG_WARN_INFINITE_RECURSION = YES;
				CLANG_WARN_INT_CONVERSION = YES;
				CLANG_WARN_NON_LITERAL_NULL_CONVERSION = YES;
				CLANG_WARN_OBJC_IMPLICIT_RETAIN_SELF = YES;
				CLANG_WARN_OBJC_LITERAL_CONVERSION = YES;
				CLANG_WARN_OBJC_ROOT_CLASS = YES_ERROR;
				CLANG_WARN_QUOTED_INCLUDE_IN_FRAMEWORK_HEADER = YES;
				CLANG_WARN_RANGE_LOOP_ANALYSIS = YES;
				CLANG_WARN_STRICT_PROTOTYPES = YES;
				CLANG_WARN_SUSPICIOUS_MOVE = YES;
				CLANG_WARN_UNGUARDED_AVAILABILITY = YES_AGGRESSIVE;
				CLANG_WARN_UNREACHABLE_CODE = YES;
				CLANG_WARN__DUPLICATE_METHOD_MATCH = YES;
				CODE_SIGN_STYLE = Automatic;
				COPY_PHASE_STRIP = NO;
				CURRENT_PROJECT_VERSION = 1;
				DEBUG_INFORMATION_FORMAT = "$(inherited)";
				DEFINES_MODULE = YES;
				DEVELOPMENT_TEAM = QG4LUGXB2Z;
				DYLIB_COMPATIBILITY_VERSION = 1;
				DYLIB_CURRENT_VERSION = 1;
				DYLIB_INSTALL_NAME_BASE = "@rpath";
				ENABLE_STRICT_OBJC_MSGSEND = YES;
				ENABLE_TESTABILITY = YES;
				GCC_C_LANGUAGE_STANDARD = gnu11;
				GCC_DYNAMIC_NO_PIC = NO;
				GCC_NO_COMMON_BLOCKS = YES;
				GCC_OPTIMIZATION_LEVEL = 0;
				GCC_PREPROCESSOR_DEFINITIONS = (
					"DEBUG=1",
					"$(inherited)",
				);
				GCC_WARN_64_TO_32_BIT_CONVERSION = YES;
				GCC_WARN_ABOUT_RETURN_TYPE = YES_ERROR;
				GCC_WARN_UNDECLARED_SELECTOR = YES;
				GCC_WARN_UNINITIALIZED_AUTOS = YES_AGGRESSIVE;
				GCC_WARN_UNUSED_FUNCTION = YES;
				GCC_WARN_UNUSED_VARIABLE = YES;
				GENERATE_INFOPLIST_FILE = YES;
				INFOPLIST_KEY_NSHumanReadableCopyright = "";
				INSTALL_PATH = "$(LOCAL_LIBRARY_DIR)/Frameworks";
				IPHONEOS_DEPLOYMENT_TARGET = 15.0;
				LD_RUNPATH_SEARCH_PATHS = (
					"$(inherited)",
					"@executable_path/Frameworks",
					"@loader_path/Frameworks",
				);
				MARKETING_VERSION = 1.0;
				MTL_ENABLE_DEBUG_INFO = INCLUDE_SOURCE;
				MTL_FAST_MATH = YES;
				ONLY_ACTIVE_ARCH = YES;
				PRODUCT_BUNDLE_IDENTIFIER = "$(inherited)";
				PRODUCT_NAME = "$(inherited)";
				SDKROOT = iphoneos;
				SKIP_INSTALL = YES;
				SUPPORTS_MACCATALYST = NO;
				SWIFT_ACTIVE_COMPILATION_CONDITIONS = DEBUG;
				SWIFT_EMIT_LOC_STRINGS = YES;
				SWIFT_OPTIMIZATION_LEVEL = "-Onone";
				SWIFT_VERSION = 5.0;
				TARGETED_DEVICE_FAMILY = "1,2";
				VERSIONING_SYSTEM = "apple-generic";
				VERSION_INFO_PREFIX = "";
			};
			name = Debug;
		};
		6D8D9E11272EFA3700F90C3A /* Release */ = {
			isa = XCBuildConfiguration;
			buildSettings = {
				ALWAYS_SEARCH_USER_PATHS = NO;
				CLANG_ANALYZER_NONNULL = YES;
				CLANG_ANALYZER_NUMBER_OBJECT_CONVERSION = YES_AGGRESSIVE;
				CLANG_CXX_LANGUAGE_STANDARD = "gnu++17";
				CLANG_CXX_LIBRARY = "libc++";
				CLANG_ENABLE_MODULES = YES;
				CLANG_ENABLE_OBJC_ARC = YES;
				CLANG_ENABLE_OBJC_WEAK = YES;
				CLANG_WARN_BLOCK_CAPTURE_AUTORELEASING = YES;
				CLANG_WARN_BOOL_CONVERSION = YES;
				CLANG_WARN_COMMA = YES;
				CLANG_WARN_CONSTANT_CONVERSION = YES;
				CLANG_WARN_DEPRECATED_OBJC_IMPLEMENTATIONS = YES;
				CLANG_WARN_DIRECT_OBJC_ISA_USAGE = YES_ERROR;
				CLANG_WARN_DOCUMENTATION_COMMENTS = YES;
				CLANG_WARN_EMPTY_BODY = YES;
				CLANG_WARN_ENUM_CONVERSION = YES;
				CLANG_WARN_INFINITE_RECURSION = YES;
				CLANG_WARN_INT_CONVERSION = YES;
				CLANG_WARN_NON_LITERAL_NULL_CONVERSION = YES;
				CLANG_WARN_OBJC_IMPLICIT_RETAIN_SELF = YES;
				CLANG_WARN_OBJC_LITERAL_CONVERSION = YES;
				CLANG_WARN_OBJC_ROOT_CLASS = YES_ERROR;
				CLANG_WARN_QUOTED_INCLUDE_IN_FRAMEWORK_HEADER = YES;
				CLANG_WARN_RANGE_LOOP_ANALYSIS = YES;
				CLANG_WARN_STRICT_PROTOTYPES = YES;
				CLANG_WARN_SUSPICIOUS_MOVE = YES;
				CLANG_WARN_UNGUARDED_AVAILABILITY = YES_AGGRESSIVE;
				CLANG_WARN_UNREACHABLE_CODE = YES;
				CLANG_WARN__DUPLICATE_METHOD_MATCH = YES;
				CODE_SIGN_STYLE = Automatic;
				COPY_PHASE_STRIP = NO;
				CURRENT_PROJECT_VERSION = 1;
				DEBUG_INFORMATION_FORMAT = "$(inherited)";
				DEFINES_MODULE = YES;
				DEVELOPMENT_TEAM = QG4LUGXB2Z;
				DYLIB_COMPATIBILITY_VERSION = 1;
				DYLIB_CURRENT_VERSION = 1;
				DYLIB_INSTALL_NAME_BASE = "@rpath";
				ENABLE_NS_ASSERTIONS = NO;
				ENABLE_STRICT_OBJC_MSGSEND = YES;
				GCC_C_LANGUAGE_STANDARD = gnu11;
				GCC_NO_COMMON_BLOCKS = YES;
				GCC_WARN_64_TO_32_BIT_CONVERSION = YES;
				GCC_WARN_ABOUT_RETURN_TYPE = YES_ERROR;
				GCC_WARN_UNDECLARED_SELECTOR = YES;
				GCC_WARN_UNINITIALIZED_AUTOS = YES_AGGRESSIVE;
				GCC_WARN_UNUSED_FUNCTION = YES;
				GCC_WARN_UNUSED_VARIABLE = YES;
				GENERATE_INFOPLIST_FILE = YES;
				INFOPLIST_KEY_NSHumanReadableCopyright = "";
				INSTALL_PATH = "$(LOCAL_LIBRARY_DIR)/Frameworks";
				IPHONEOS_DEPLOYMENT_TARGET = 15.0;
				LD_RUNPATH_SEARCH_PATHS = (
					"$(inherited)",
					"@executable_path/Frameworks",
					"@loader_path/Frameworks",
				);
				MARKETING_VERSION = 1.0;
				MTL_ENABLE_DEBUG_INFO = NO;
				MTL_FAST_MATH = YES;
				PRODUCT_BUNDLE_IDENTIFIER = "$(inherited)";
				PRODUCT_NAME = "$(inherited)";
				SDKROOT = iphoneos;
				SKIP_INSTALL = YES;
				SUPPORTS_MACCATALYST = NO;
				SWIFT_COMPILATION_MODE = wholemodule;
				SWIFT_EMIT_LOC_STRINGS = YES;
				SWIFT_OPTIMIZATION_LEVEL = "-O";
				SWIFT_VERSION = 5.0;
				TARGETED_DEVICE_FAMILY = "1,2";
				VALIDATE_PRODUCT = YES;
				VERSIONING_SYSTEM = "apple-generic";
				VERSION_INFO_PREFIX = "";
			};
			name = Release;
		};
		6D8D9E1E272EFA9400F90C3A /* Debug */ = {
			isa = XCBuildConfiguration;
			buildSettings = {
				ALWAYS_SEARCH_USER_PATHS = NO;
				CLANG_ANALYZER_NONNULL = YES;
				CLANG_ANALYZER_NUMBER_OBJECT_CONVERSION = YES_AGGRESSIVE;
				CLANG_CXX_LANGUAGE_STANDARD = "gnu++17";
				CLANG_CXX_LIBRARY = "libc++";
				CLANG_ENABLE_MODULES = YES;
				CLANG_ENABLE_OBJC_ARC = YES;
				CLANG_ENABLE_OBJC_WEAK = YES;
				CLANG_WARN_BLOCK_CAPTURE_AUTORELEASING = YES;
				CLANG_WARN_BOOL_CONVERSION = YES;
				CLANG_WARN_COMMA = YES;
				CLANG_WARN_CONSTANT_CONVERSION = YES;
				CLANG_WARN_DEPRECATED_OBJC_IMPLEMENTATIONS = YES;
				CLANG_WARN_DIRECT_OBJC_ISA_USAGE = YES_ERROR;
				CLANG_WARN_DOCUMENTATION_COMMENTS = YES;
				CLANG_WARN_EMPTY_BODY = YES;
				CLANG_WARN_ENUM_CONVERSION = YES;
				CLANG_WARN_INFINITE_RECURSION = YES;
				CLANG_WARN_INT_CONVERSION = YES;
				CLANG_WARN_NON_LITERAL_NULL_CONVERSION = YES;
				CLANG_WARN_OBJC_IMPLICIT_RETAIN_SELF = YES;
				CLANG_WARN_OBJC_LITERAL_CONVERSION = YES;
				CLANG_WARN_OBJC_ROOT_CLASS = YES_ERROR;
				CLANG_WARN_QUOTED_INCLUDE_IN_FRAMEWORK_HEADER = YES;
				CLANG_WARN_RANGE_LOOP_ANALYSIS = YES;
				CLANG_WARN_STRICT_PROTOTYPES = YES;
				CLANG_WARN_SUSPICIOUS_MOVE = YES;
				CLANG_WARN_UNGUARDED_AVAILABILITY = YES_AGGRESSIVE;
				CLANG_WARN_UNREACHABLE_CODE = YES;
				CLANG_WARN__DUPLICATE_METHOD_MATCH = YES;
				CODE_SIGN_STYLE = Automatic;
				COPY_PHASE_STRIP = NO;
				CURRENT_PROJECT_VERSION = 1;
				DEBUG_INFORMATION_FORMAT = "$(inherited)";
				DEFINES_MODULE = YES;
				DEVELOPMENT_TEAM = QG4LUGXB2Z;
				DYLIB_COMPATIBILITY_VERSION = 1;
				DYLIB_CURRENT_VERSION = 1;
				DYLIB_INSTALL_NAME_BASE = "@rpath";
				ENABLE_STRICT_OBJC_MSGSEND = YES;
				ENABLE_TESTABILITY = YES;
				GCC_C_LANGUAGE_STANDARD = gnu11;
				GCC_DYNAMIC_NO_PIC = NO;
				GCC_NO_COMMON_BLOCKS = YES;
				GCC_OPTIMIZATION_LEVEL = 0;
				GCC_PREPROCESSOR_DEFINITIONS = (
					"DEBUG=1",
					"$(inherited)",
				);
				GCC_WARN_64_TO_32_BIT_CONVERSION = YES;
				GCC_WARN_ABOUT_RETURN_TYPE = YES_ERROR;
				GCC_WARN_UNDECLARED_SELECTOR = YES;
				GCC_WARN_UNINITIALIZED_AUTOS = YES_AGGRESSIVE;
				GCC_WARN_UNUSED_FUNCTION = YES;
				GCC_WARN_UNUSED_VARIABLE = YES;
				GENERATE_INFOPLIST_FILE = YES;
				INFOPLIST_KEY_NSHumanReadableCopyright = "";
				INSTALL_PATH = "$(LOCAL_LIBRARY_DIR)/Frameworks";
				LD_RUNPATH_SEARCH_PATHS = (
					"$(inherited)",
					"@executable_path/Frameworks",
					"@loader_path/Frameworks",
				);
				MARKETING_VERSION = 1.0;
				MTL_ENABLE_DEBUG_INFO = INCLUDE_SOURCE;
				MTL_FAST_MATH = YES;
				ONLY_ACTIVE_ARCH = YES;
				PRODUCT_BUNDLE_IDENTIFIER = "$(inherited)";
				PRODUCT_NAME = "$(inherited)";
				SDKROOT = appletvos;
				SKIP_INSTALL = YES;
				SWIFT_ACTIVE_COMPILATION_CONDITIONS = DEBUG;
				SWIFT_EMIT_LOC_STRINGS = YES;
				SWIFT_OPTIMIZATION_LEVEL = "-Onone";
				SWIFT_VERSION = 5.0;
				TARGETED_DEVICE_FAMILY = 3;
				TVOS_DEPLOYMENT_TARGET = 15.0;
				VERSIONING_SYSTEM = "apple-generic";
				VERSION_INFO_PREFIX = "";
			};
			name = Debug;
		};
		6D8D9E1F272EFA9400F90C3A /* Release */ = {
			isa = XCBuildConfiguration;
			buildSettings = {
				ALWAYS_SEARCH_USER_PATHS = NO;
				CLANG_ANALYZER_NONNULL = YES;
				CLANG_ANALYZER_NUMBER_OBJECT_CONVERSION = YES_AGGRESSIVE;
				CLANG_CXX_LANGUAGE_STANDARD = "gnu++17";
				CLANG_CXX_LIBRARY = "libc++";
				CLANG_ENABLE_MODULES = YES;
				CLANG_ENABLE_OBJC_ARC = YES;
				CLANG_ENABLE_OBJC_WEAK = YES;
				CLANG_WARN_BLOCK_CAPTURE_AUTORELEASING = YES;
				CLANG_WARN_BOOL_CONVERSION = YES;
				CLANG_WARN_COMMA = YES;
				CLANG_WARN_CONSTANT_CONVERSION = YES;
				CLANG_WARN_DEPRECATED_OBJC_IMPLEMENTATIONS = YES;
				CLANG_WARN_DIRECT_OBJC_ISA_USAGE = YES_ERROR;
				CLANG_WARN_DOCUMENTATION_COMMENTS = YES;
				CLANG_WARN_EMPTY_BODY = YES;
				CLANG_WARN_ENUM_CONVERSION = YES;
				CLANG_WARN_INFINITE_RECURSION = YES;
				CLANG_WARN_INT_CONVERSION = YES;
				CLANG_WARN_NON_LITERAL_NULL_CONVERSION = YES;
				CLANG_WARN_OBJC_IMPLICIT_RETAIN_SELF = YES;
				CLANG_WARN_OBJC_LITERAL_CONVERSION = YES;
				CLANG_WARN_OBJC_ROOT_CLASS = YES_ERROR;
				CLANG_WARN_QUOTED_INCLUDE_IN_FRAMEWORK_HEADER = YES;
				CLANG_WARN_RANGE_LOOP_ANALYSIS = YES;
				CLANG_WARN_STRICT_PROTOTYPES = YES;
				CLANG_WARN_SUSPICIOUS_MOVE = YES;
				CLANG_WARN_UNGUARDED_AVAILABILITY = YES_AGGRESSIVE;
				CLANG_WARN_UNREACHABLE_CODE = YES;
				CLANG_WARN__DUPLICATE_METHOD_MATCH = YES;
				CODE_SIGN_STYLE = Automatic;
				COPY_PHASE_STRIP = NO;
				CURRENT_PROJECT_VERSION = 1;
				DEBUG_INFORMATION_FORMAT = "$(inherited)";
				DEFINES_MODULE = YES;
				DEVELOPMENT_TEAM = QG4LUGXB2Z;
				DYLIB_COMPATIBILITY_VERSION = 1;
				DYLIB_CURRENT_VERSION = 1;
				DYLIB_INSTALL_NAME_BASE = "@rpath";
				ENABLE_NS_ASSERTIONS = NO;
				ENABLE_STRICT_OBJC_MSGSEND = YES;
				GCC_C_LANGUAGE_STANDARD = gnu11;
				GCC_NO_COMMON_BLOCKS = YES;
				GCC_WARN_64_TO_32_BIT_CONVERSION = YES;
				GCC_WARN_ABOUT_RETURN_TYPE = YES_ERROR;
				GCC_WARN_UNDECLARED_SELECTOR = YES;
				GCC_WARN_UNINITIALIZED_AUTOS = YES_AGGRESSIVE;
				GCC_WARN_UNUSED_FUNCTION = YES;
				GCC_WARN_UNUSED_VARIABLE = YES;
				GENERATE_INFOPLIST_FILE = YES;
				INFOPLIST_KEY_NSHumanReadableCopyright = "";
				INSTALL_PATH = "$(LOCAL_LIBRARY_DIR)/Frameworks";
				LD_RUNPATH_SEARCH_PATHS = (
					"$(inherited)",
					"@executable_path/Frameworks",
					"@loader_path/Frameworks",
				);
				MARKETING_VERSION = 1.0;
				MTL_ENABLE_DEBUG_INFO = NO;
				MTL_FAST_MATH = YES;
				PRODUCT_BUNDLE_IDENTIFIER = "$(inherited)";
				PRODUCT_NAME = "$(inherited)";
				SDKROOT = appletvos;
				SKIP_INSTALL = YES;
				SWIFT_COMPILATION_MODE = wholemodule;
				SWIFT_EMIT_LOC_STRINGS = YES;
				SWIFT_OPTIMIZATION_LEVEL = "-O";
				SWIFT_VERSION = 5.0;
				TARGETED_DEVICE_FAMILY = 3;
				TVOS_DEPLOYMENT_TARGET = 15.0;
				VALIDATE_PRODUCT = YES;
				VERSIONING_SYSTEM = "apple-generic";
				VERSION_INFO_PREFIX = "";
			};
			name = Release;
		};
		6D8D9E2C272EFAAA00F90C3A /* Debug */ = {
			isa = XCBuildConfiguration;
			buildSettings = {
				ALWAYS_SEARCH_USER_PATHS = NO;
				APPLICATION_EXTENSION_API_ONLY = NO;
				CLANG_ANALYZER_NONNULL = YES;
				CLANG_ANALYZER_NUMBER_OBJECT_CONVERSION = YES_AGGRESSIVE;
				CLANG_CXX_LANGUAGE_STANDARD = "gnu++17";
				CLANG_CXX_LIBRARY = "libc++";
				CLANG_ENABLE_MODULES = YES;
				CLANG_ENABLE_OBJC_ARC = YES;
				CLANG_ENABLE_OBJC_WEAK = YES;
				CLANG_WARN_BLOCK_CAPTURE_AUTORELEASING = YES;
				CLANG_WARN_BOOL_CONVERSION = YES;
				CLANG_WARN_COMMA = YES;
				CLANG_WARN_CONSTANT_CONVERSION = YES;
				CLANG_WARN_DEPRECATED_OBJC_IMPLEMENTATIONS = YES;
				CLANG_WARN_DIRECT_OBJC_ISA_USAGE = YES_ERROR;
				CLANG_WARN_DOCUMENTATION_COMMENTS = YES;
				CLANG_WARN_EMPTY_BODY = YES;
				CLANG_WARN_ENUM_CONVERSION = YES;
				CLANG_WARN_INFINITE_RECURSION = YES;
				CLANG_WARN_INT_CONVERSION = YES;
				CLANG_WARN_NON_LITERAL_NULL_CONVERSION = YES;
				CLANG_WARN_OBJC_IMPLICIT_RETAIN_SELF = YES;
				CLANG_WARN_OBJC_LITERAL_CONVERSION = YES;
				CLANG_WARN_OBJC_ROOT_CLASS = YES_ERROR;
				CLANG_WARN_QUOTED_INCLUDE_IN_FRAMEWORK_HEADER = YES;
				CLANG_WARN_RANGE_LOOP_ANALYSIS = YES;
				CLANG_WARN_STRICT_PROTOTYPES = YES;
				CLANG_WARN_SUSPICIOUS_MOVE = YES;
				CLANG_WARN_UNGUARDED_AVAILABILITY = YES_AGGRESSIVE;
				CLANG_WARN_UNREACHABLE_CODE = YES;
				CLANG_WARN__DUPLICATE_METHOD_MATCH = YES;
				CODE_SIGN_STYLE = Automatic;
				COPY_PHASE_STRIP = NO;
				CURRENT_PROJECT_VERSION = 1;
				DEBUG_INFORMATION_FORMAT = "$(inherited)";
				DEFINES_MODULE = YES;
				DEVELOPMENT_TEAM = QG4LUGXB2Z;
				DYLIB_COMPATIBILITY_VERSION = 1;
				DYLIB_CURRENT_VERSION = 1;
				DYLIB_INSTALL_NAME_BASE = "@rpath";
				ENABLE_STRICT_OBJC_MSGSEND = YES;
				ENABLE_TESTABILITY = YES;
				GCC_C_LANGUAGE_STANDARD = gnu11;
				GCC_DYNAMIC_NO_PIC = NO;
				GCC_NO_COMMON_BLOCKS = YES;
				GCC_OPTIMIZATION_LEVEL = 0;
				GCC_PREPROCESSOR_DEFINITIONS = (
					"DEBUG=1",
					"$(inherited)",
				);
				GCC_WARN_64_TO_32_BIT_CONVERSION = YES;
				GCC_WARN_ABOUT_RETURN_TYPE = YES_ERROR;
				GCC_WARN_UNDECLARED_SELECTOR = YES;
				GCC_WARN_UNINITIALIZED_AUTOS = YES_AGGRESSIVE;
				GCC_WARN_UNUSED_FUNCTION = YES;
				GCC_WARN_UNUSED_VARIABLE = YES;
				GENERATE_INFOPLIST_FILE = YES;
				INFOPLIST_KEY_NSHumanReadableCopyright = "";
				INSTALL_PATH = "$(LOCAL_LIBRARY_DIR)/Frameworks";
				LD_RUNPATH_SEARCH_PATHS = (
					"$(inherited)",
					"@executable_path/Frameworks",
					"@loader_path/Frameworks",
				);
				MARKETING_VERSION = 1.0;
				MTL_ENABLE_DEBUG_INFO = INCLUDE_SOURCE;
				MTL_FAST_MATH = YES;
				ONLY_ACTIVE_ARCH = YES;
				PRODUCT_BUNDLE_IDENTIFIER = "$(inherited)";
				PRODUCT_NAME = "$(inherited)";
				SDKROOT = watchos;
				SKIP_INSTALL = YES;
				SWIFT_ACTIVE_COMPILATION_CONDITIONS = DEBUG;
				SWIFT_EMIT_LOC_STRINGS = YES;
				SWIFT_OPTIMIZATION_LEVEL = "-Onone";
				SWIFT_VERSION = 5.0;
				TARGETED_DEVICE_FAMILY = 4;
				VERSIONING_SYSTEM = "apple-generic";
				VERSION_INFO_PREFIX = "";
				WATCHOS_DEPLOYMENT_TARGET = 8.0;
			};
			name = Debug;
		};
		6D8D9E2D272EFAAA00F90C3A /* Release */ = {
			isa = XCBuildConfiguration;
			buildSettings = {
				ALWAYS_SEARCH_USER_PATHS = NO;
				APPLICATION_EXTENSION_API_ONLY = NO;
				CLANG_ANALYZER_NONNULL = YES;
				CLANG_ANALYZER_NUMBER_OBJECT_CONVERSION = YES_AGGRESSIVE;
				CLANG_CXX_LANGUAGE_STANDARD = "gnu++17";
				CLANG_CXX_LIBRARY = "libc++";
				CLANG_ENABLE_MODULES = YES;
				CLANG_ENABLE_OBJC_ARC = YES;
				CLANG_ENABLE_OBJC_WEAK = YES;
				CLANG_WARN_BLOCK_CAPTURE_AUTORELEASING = YES;
				CLANG_WARN_BOOL_CONVERSION = YES;
				CLANG_WARN_COMMA = YES;
				CLANG_WARN_CONSTANT_CONVERSION = YES;
				CLANG_WARN_DEPRECATED_OBJC_IMPLEMENTATIONS = YES;
				CLANG_WARN_DIRECT_OBJC_ISA_USAGE = YES_ERROR;
				CLANG_WARN_DOCUMENTATION_COMMENTS = YES;
				CLANG_WARN_EMPTY_BODY = YES;
				CLANG_WARN_ENUM_CONVERSION = YES;
				CLANG_WARN_INFINITE_RECURSION = YES;
				CLANG_WARN_INT_CONVERSION = YES;
				CLANG_WARN_NON_LITERAL_NULL_CONVERSION = YES;
				CLANG_WARN_OBJC_IMPLICIT_RETAIN_SELF = YES;
				CLANG_WARN_OBJC_LITERAL_CONVERSION = YES;
				CLANG_WARN_OBJC_ROOT_CLASS = YES_ERROR;
				CLANG_WARN_QUOTED_INCLUDE_IN_FRAMEWORK_HEADER = YES;
				CLANG_WARN_RANGE_LOOP_ANALYSIS = YES;
				CLANG_WARN_STRICT_PROTOTYPES = YES;
				CLANG_WARN_SUSPICIOUS_MOVE = YES;
				CLANG_WARN_UNGUARDED_AVAILABILITY = YES_AGGRESSIVE;
				CLANG_WARN_UNREACHABLE_CODE = YES;
				CLANG_WARN__DUPLICATE_METHOD_MATCH = YES;
				CODE_SIGN_STYLE = Automatic;
				COPY_PHASE_STRIP = NO;
				CURRENT_PROJECT_VERSION = 1;
				DEBUG_INFORMATION_FORMAT = "$(inherited)";
				DEFINES_MODULE = YES;
				DEVELOPMENT_TEAM = QG4LUGXB2Z;
				DYLIB_COMPATIBILITY_VERSION = 1;
				DYLIB_CURRENT_VERSION = 1;
				DYLIB_INSTALL_NAME_BASE = "@rpath";
				ENABLE_NS_ASSERTIONS = NO;
				ENABLE_STRICT_OBJC_MSGSEND = YES;
				GCC_C_LANGUAGE_STANDARD = gnu11;
				GCC_NO_COMMON_BLOCKS = YES;
				GCC_WARN_64_TO_32_BIT_CONVERSION = YES;
				GCC_WARN_ABOUT_RETURN_TYPE = YES_ERROR;
				GCC_WARN_UNDECLARED_SELECTOR = YES;
				GCC_WARN_UNINITIALIZED_AUTOS = YES_AGGRESSIVE;
				GCC_WARN_UNUSED_FUNCTION = YES;
				GCC_WARN_UNUSED_VARIABLE = YES;
				GENERATE_INFOPLIST_FILE = YES;
				INFOPLIST_KEY_NSHumanReadableCopyright = "";
				INSTALL_PATH = "$(LOCAL_LIBRARY_DIR)/Frameworks";
				LD_RUNPATH_SEARCH_PATHS = (
					"$(inherited)",
					"@executable_path/Frameworks",
					"@loader_path/Frameworks",
				);
				MARKETING_VERSION = 1.0;
				MTL_ENABLE_DEBUG_INFO = NO;
				MTL_FAST_MATH = YES;
				PRODUCT_BUNDLE_IDENTIFIER = "$(inherited)";
				PRODUCT_NAME = "$(inherited)";
				SDKROOT = watchos;
				SKIP_INSTALL = YES;
				SWIFT_COMPILATION_MODE = wholemodule;
				SWIFT_EMIT_LOC_STRINGS = YES;
				SWIFT_OPTIMIZATION_LEVEL = "-O";
				SWIFT_VERSION = 5.0;
				TARGETED_DEVICE_FAMILY = 4;
				VALIDATE_PRODUCT = YES;
				VERSIONING_SYSTEM = "apple-generic";
				VERSION_INFO_PREFIX = "";
				WATCHOS_DEPLOYMENT_TARGET = 8.0;
			};
			name = Release;
		};
/* End XCBuildConfiguration section */

/* Begin XCConfigurationList section */
		6D8622A7272EF243008F25F3 /* Build configuration list for PBXProject "Logger" */ = {
			isa = XCConfigurationList;
			buildConfigurations = (
				6D8622A8272EF243008F25F3 /* Debug */,
				6D8622A9272EF243008F25F3 /* Release */,
			);
			defaultConfigurationIsVisible = 0;
			defaultConfigurationName = Release;
		};
		6D8D9E03272EFA0700F90C3A /* Build configuration list for PBXNativeTarget "Logger Mac OS" */ = {
			isa = XCConfigurationList;
			buildConfigurations = (
				6D8D9E01272EFA0700F90C3A /* Debug */,
				6D8D9E02272EFA0700F90C3A /* Release */,
			);
			defaultConfigurationIsVisible = 0;
			defaultConfigurationName = Release;
		};
		6D8D9E0F272EFA3700F90C3A /* Build configuration list for PBXNativeTarget "Logger iOS" */ = {
			isa = XCConfigurationList;
			buildConfigurations = (
				6D8D9E10272EFA3700F90C3A /* Debug */,
				6D8D9E11272EFA3700F90C3A /* Release */,
			);
			defaultConfigurationIsVisible = 0;
			defaultConfigurationName = Release;
		};
		6D8D9E1D272EFA9400F90C3A /* Build configuration list for PBXNativeTarget "Logger TV OS" */ = {
			isa = XCConfigurationList;
			buildConfigurations = (
				6D8D9E1E272EFA9400F90C3A /* Debug */,
				6D8D9E1F272EFA9400F90C3A /* Release */,
			);
			defaultConfigurationIsVisible = 0;
			defaultConfigurationName = Release;
		};
		6D8D9E2B272EFAAA00F90C3A /* Build configuration list for PBXNativeTarget "Logger Watch OS" */ = {
			isa = XCConfigurationList;
			buildConfigurations = (
				6D8D9E2C272EFAAA00F90C3A /* Debug */,
				6D8D9E2D272EFAAA00F90C3A /* Release */,
			);
			defaultConfigurationIsVisible = 0;
			defaultConfigurationName = Release;
		};
/* End XCConfigurationList section */
	};
	rootObject = 6D8622A4272EF243008F25F3 /* Project object */;
}
